// !$*UTF8*$!
{
	archiveVersion = 1;
	classes = {
	};
	objectVersion = 56;
	objects = {

/* Begin PBXBuildFile section */
		12509EE505BADF939AF99F76 /* Pods_TaskScanner.framework in Frameworks */ = {isa = PBXBuildFile; fileRef = 9D09613B1E27360AFAE713CE /* Pods_TaskScanner.framework */; };
		5E3822A12C66052000D31189 /* TaskCell.swift in Sources */ = {isa = PBXBuildFile; fileRef = 5E3822A02C66052000D31189 /* TaskCell.swift */; };
		5E4076D12C64A8480008D46E /* NetworkManager.swift in Sources */ = {isa = PBXBuildFile; fileRef = 5E4076D02C64A8480008D46E /* NetworkManager.swift */; };
		5E4076D32C64A8650008D46E /* TaskListViewController.swift in Sources */ = {isa = PBXBuildFile; fileRef = 5E4076D22C64A8650008D46E /* TaskListViewController.swift */; };
		5E4076D52C64A87F0008D46E /* CoreDataManager.swift in Sources */ = {isa = PBXBuildFile; fileRef = 5E4076D42C64A87F0008D46E /* CoreDataManager.swift */; };
		5E4076D72C64A8960008D46E /* TaskViewModel.swift in Sources */ = {isa = PBXBuildFile; fileRef = 5E4076D62C64A8960008D46E /* TaskViewModel.swift */; };
		5E4076D92C64A8A70008D46E /* Tasks.swift in Sources */ = {isa = PBXBuildFile; fileRef = 5E4076D82C64A8A70008D46E /* Tasks.swift */; };
		5E4076DB2C64C28A0008D46E /* CDTask+CoreDataProperties.swift in Sources */ = {isa = PBXBuildFile; fileRef = 5E4076DA2C64C28A0008D46E /* CDTask+CoreDataProperties.swift */; };
		5E4076DD2C64C2DA0008D46E /* CDTask+CoreDataClass.swift in Sources */ = {isa = PBXBuildFile; fileRef = 5E4076DC2C64C2DA0008D46E /* CDTask+CoreDataClass.swift */; };
		5E4076DF2C64C39A0008D46E /* CodingUserInfoKey+Context.swift in Sources */ = {isa = PBXBuildFile; fileRef = 5E4076DE2C64C39A0008D46E /* CodingUserInfoKey+Context.swift */; };
		5E4076E12C64D93E0008D46E /* QRCodeScannerViewController.swift in Sources */ = {isa = PBXBuildFile; fileRef = 5E4076E02C64D93E0008D46E /* QRCodeScannerViewController.swift */; };
		5E4076E32C64D9910008D46E /* UIColor+Hex.swift in Sources */ = {isa = PBXBuildFile; fileRef = 5E4076E22C64D9910008D46E /* UIColor+Hex.swift */; };
		5E5AEFF62C62ED1B00453111 /* AppDelegate.swift in Sources */ = {isa = PBXBuildFile; fileRef = 5E5AEFF52C62ED1B00453111 /* AppDelegate.swift */; };
		5E5AEFF82C62ED1B00453111 /* SceneDelegate.swift in Sources */ = {isa = PBXBuildFile; fileRef = 5E5AEFF72C62ED1B00453111 /* SceneDelegate.swift */; };
		5E5AF0022C62ED1E00453111 /* Assets.xcassets in Resources */ = {isa = PBXBuildFile; fileRef = 5E5AF0012C62ED1E00453111 /* Assets.xcassets */; };
		5E5AF0052C62ED1E00453111 /* Base in Resources */ = {isa = PBXBuildFile; fileRef = 5E5AF0042C62ED1E00453111 /* Base */; };
		5E5AF0102C62ED1E00453111 /* TaskScannerTests.swift in Sources */ = {isa = PBXBuildFile; fileRef = 5E5AF00F2C62ED1E00453111 /* TaskScannerTests.swift */; };
		5E5AF01A2C62ED1E00453111 /* TaskScannerUITests.swift in Sources */ = {isa = PBXBuildFile; fileRef = 5E5AF0192C62ED1E00453111 /* TaskScannerUITests.swift */; };
		5E5AF01C2C62ED1E00453111 /* TaskScannerUITestsLaunchTests.swift in Sources */ = {isa = PBXBuildFile; fileRef = 5E5AF01B2C62ED1E00453111 /* TaskScannerUITestsLaunchTests.swift */; };
		5E6E144F2C6642E700451AE4 /* TaskScanner.xcdatamodeld in Resources */ = {isa = PBXBuildFile; fileRef = 5E5AEFFE2C62ED1C00453111 /* TaskScanner.xcdatamodeld */; };
		72205AFBCA3E6B19015AF6AA /* Pods_TaskScannerTests.framework in Frameworks */ = {isa = PBXBuildFile; fileRef = EC9B8B2F75265D2F54975F84 /* Pods_TaskScannerTests.framework */; };
		8D5259AAF09E8F850E27CBB1 /* Pods_TaskScanner_TaskScannerUITests.framework in Frameworks */ = {isa = PBXBuildFile; fileRef = 6D01FA3C91625414644EB16B /* Pods_TaskScanner_TaskScannerUITests.framework */; };
/* End PBXBuildFile section */

/* Begin PBXContainerItemProxy section */
		5E5AF00C2C62ED1E00453111 /* PBXContainerItemProxy */ = {
			isa = PBXContainerItemProxy;
			containerPortal = 5E5AEFEA2C62ED1B00453111 /* Project object */;
			proxyType = 1;
			remoteGlobalIDString = 5E5AEFF12C62ED1B00453111;
			remoteInfo = TaskScanner;
		};
		5E5AF0162C62ED1E00453111 /* PBXContainerItemProxy */ = {
			isa = PBXContainerItemProxy;
			containerPortal = 5E5AEFEA2C62ED1B00453111 /* Project object */;
			proxyType = 1;
			remoteGlobalIDString = 5E5AEFF12C62ED1B00453111;
			remoteInfo = TaskScanner;
		};
/* End PBXContainerItemProxy section */

/* Begin PBXFileReference section */
		136ED2B57CBAA0F33D6951A7 /* Pods-TaskScanner-TaskScannerUITests.debug.xcconfig */ = {isa = PBXFileReference; includeInIndex = 1; lastKnownFileType = text.xcconfig; name = "Pods-TaskScanner-TaskScannerUITests.debug.xcconfig"; path = "Target Support Files/Pods-TaskScanner-TaskScannerUITests/Pods-TaskScanner-TaskScannerUITests.debug.xcconfig"; sourceTree = "<group>"; };
		21E6C7F92834F896D8C9D6A6 /* Pods-TaskScannerTests.release.xcconfig */ = {isa = PBXFileReference; includeInIndex = 1; lastKnownFileType = text.xcconfig; name = "Pods-TaskScannerTests.release.xcconfig"; path = "Target Support Files/Pods-TaskScannerTests/Pods-TaskScannerTests.release.xcconfig"; sourceTree = "<group>"; };
		5B471A3C92ECA80115589D0B /* Pods-TaskScannerTests.debug.xcconfig */ = {isa = PBXFileReference; includeInIndex = 1; lastKnownFileType = text.xcconfig; name = "Pods-TaskScannerTests.debug.xcconfig"; path = "Target Support Files/Pods-TaskScannerTests/Pods-TaskScannerTests.debug.xcconfig"; sourceTree = "<group>"; };
		5E3822A02C66052000D31189 /* TaskCell.swift */ = {isa = PBXFileReference; lastKnownFileType = sourcecode.swift; path = TaskCell.swift; sourceTree = "<group>"; };
		5E4076D02C64A8480008D46E /* NetworkManager.swift */ = {isa = PBXFileReference; lastKnownFileType = sourcecode.swift; path = NetworkManager.swift; sourceTree = "<group>"; };
		5E4076D22C64A8650008D46E /* TaskListViewController.swift */ = {isa = PBXFileReference; lastKnownFileType = sourcecode.swift; path = TaskListViewController.swift; sourceTree = "<group>"; };
		5E4076D42C64A87F0008D46E /* CoreDataManager.swift */ = {isa = PBXFileReference; lastKnownFileType = sourcecode.swift; path = CoreDataManager.swift; sourceTree = "<group>"; };
		5E4076D62C64A8960008D46E /* TaskViewModel.swift */ = {isa = PBXFileReference; lastKnownFileType = sourcecode.swift; path = TaskViewModel.swift; sourceTree = "<group>"; };
		5E4076D82C64A8A70008D46E /* Tasks.swift */ = {isa = PBXFileReference; lastKnownFileType = sourcecode.swift; path = Tasks.swift; sourceTree = "<group>"; };
		5E4076DA2C64C28A0008D46E /* CDTask+CoreDataProperties.swift */ = {isa = PBXFileReference; lastKnownFileType = sourcecode.swift; path = "CDTask+CoreDataProperties.swift"; sourceTree = "<group>"; };
		5E4076DC2C64C2DA0008D46E /* CDTask+CoreDataClass.swift */ = {isa = PBXFileReference; lastKnownFileType = sourcecode.swift; path = "CDTask+CoreDataClass.swift"; sourceTree = "<group>"; };
		5E4076DE2C64C39A0008D46E /* CodingUserInfoKey+Context.swift */ = {isa = PBXFileReference; lastKnownFileType = sourcecode.swift; path = "CodingUserInfoKey+Context.swift"; sourceTree = "<group>"; };
		5E4076E02C64D93E0008D46E /* QRCodeScannerViewController.swift */ = {isa = PBXFileReference; lastKnownFileType = sourcecode.swift; path = QRCodeScannerViewController.swift; sourceTree = "<group>"; };
		5E4076E22C64D9910008D46E /* UIColor+Hex.swift */ = {isa = PBXFileReference; lastKnownFileType = sourcecode.swift; path = "UIColor+Hex.swift"; sourceTree = "<group>"; };
		5E5AEFF22C62ED1B00453111 /* TaskScanner.app */ = {isa = PBXFileReference; explicitFileType = wrapper.application; includeInIndex = 0; path = TaskScanner.app; sourceTree = BUILT_PRODUCTS_DIR; };
		5E5AEFF52C62ED1B00453111 /* AppDelegate.swift */ = {isa = PBXFileReference; lastKnownFileType = sourcecode.swift; path = AppDelegate.swift; sourceTree = "<group>"; };
		5E5AEFF72C62ED1B00453111 /* SceneDelegate.swift */ = {isa = PBXFileReference; lastKnownFileType = sourcecode.swift; path = SceneDelegate.swift; sourceTree = "<group>"; };
		5E5AEFFF2C62ED1C00453111 /* TaskScanner.xcdatamodel */ = {isa = PBXFileReference; lastKnownFileType = wrapper.xcdatamodel; path = TaskScanner.xcdatamodel; sourceTree = "<group>"; };
		5E5AF0012C62ED1E00453111 /* Assets.xcassets */ = {isa = PBXFileReference; lastKnownFileType = folder.assetcatalog; path = Assets.xcassets; sourceTree = "<group>"; };
		5E5AF0042C62ED1E00453111 /* Base */ = {isa = PBXFileReference; lastKnownFileType = file.storyboard; name = Base; path = Base.lproj/LaunchScreen.storyboard; sourceTree = "<group>"; };
		5E5AF0062C62ED1E00453111 /* Info.plist */ = {isa = PBXFileReference; lastKnownFileType = text.plist.xml; path = Info.plist; sourceTree = "<group>"; };
		5E5AF00B2C62ED1E00453111 /* TaskScannerTests.xctest */ = {isa = PBXFileReference; explicitFileType = wrapper.cfbundle; includeInIndex = 0; path = TaskScannerTests.xctest; sourceTree = BUILT_PRODUCTS_DIR; };
		5E5AF00F2C62ED1E00453111 /* TaskScannerTests.swift */ = {isa = PBXFileReference; lastKnownFileType = sourcecode.swift; path = TaskScannerTests.swift; sourceTree = "<group>"; };
		5E5AF0152C62ED1E00453111 /* TaskScannerUITests.xctest */ = {isa = PBXFileReference; explicitFileType = wrapper.cfbundle; includeInIndex = 0; path = TaskScannerUITests.xctest; sourceTree = BUILT_PRODUCTS_DIR; };
		5E5AF0192C62ED1E00453111 /* TaskScannerUITests.swift */ = {isa = PBXFileReference; lastKnownFileType = sourcecode.swift; path = TaskScannerUITests.swift; sourceTree = "<group>"; };
		5E5AF01B2C62ED1E00453111 /* TaskScannerUITestsLaunchTests.swift */ = {isa = PBXFileReference; lastKnownFileType = sourcecode.swift; path = TaskScannerUITestsLaunchTests.swift; sourceTree = "<group>"; };
		6D01FA3C91625414644EB16B /* Pods_TaskScanner_TaskScannerUITests.framework */ = {isa = PBXFileReference; explicitFileType = wrapper.framework; includeInIndex = 0; path = Pods_TaskScanner_TaskScannerUITests.framework; sourceTree = BUILT_PRODUCTS_DIR; };
		9D09613B1E27360AFAE713CE /* Pods_TaskScanner.framework */ = {isa = PBXFileReference; explicitFileType = wrapper.framework; includeInIndex = 0; path = Pods_TaskScanner.framework; sourceTree = BUILT_PRODUCTS_DIR; };
		C8CD8F165612EBF8E372541F /* Pods-TaskScanner-TaskScannerUITests.release.xcconfig */ = {isa = PBXFileReference; includeInIndex = 1; lastKnownFileType = text.xcconfig; name = "Pods-TaskScanner-TaskScannerUITests.release.xcconfig"; path = "Target Support Files/Pods-TaskScanner-TaskScannerUITests/Pods-TaskScanner-TaskScannerUITests.release.xcconfig"; sourceTree = "<group>"; };
		D57FB4C4A4025A64E6E1D6F9 /* Pods-TaskScanner.debug.xcconfig */ = {isa = PBXFileReference; includeInIndex = 1; lastKnownFileType = text.xcconfig; name = "Pods-TaskScanner.debug.xcconfig"; path = "Target Support Files/Pods-TaskScanner/Pods-TaskScanner.debug.xcconfig"; sourceTree = "<group>"; };
		EC9B8B2F75265D2F54975F84 /* Pods_TaskScannerTests.framework */ = {isa = PBXFileReference; explicitFileType = wrapper.framework; includeInIndex = 0; path = Pods_TaskScannerTests.framework; sourceTree = BUILT_PRODUCTS_DIR; };
		F8191AF4E39AFA02EFFE35D5 /* Pods-TaskScanner.release.xcconfig */ = {isa = PBXFileReference; includeInIndex = 1; lastKnownFileType = text.xcconfig; name = "Pods-TaskScanner.release.xcconfig"; path = "Target Support Files/Pods-TaskScanner/Pods-TaskScanner.release.xcconfig"; sourceTree = "<group>"; };
/* End PBXFileReference section */

/* Begin PBXFrameworksBuildPhase section */
		5E5AEFEF2C62ED1B00453111 /* Frameworks */ = {
			isa = PBXFrameworksBuildPhase;
			buildActionMask = 2147483647;
			files = (
				12509EE505BADF939AF99F76 /* Pods_TaskScanner.framework in Frameworks */,
			);
			runOnlyForDeploymentPostprocessing = 0;
		};
		5E5AF0082C62ED1E00453111 /* Frameworks */ = {
			isa = PBXFrameworksBuildPhase;
			buildActionMask = 2147483647;
			files = (
				72205AFBCA3E6B19015AF6AA /* Pods_TaskScannerTests.framework in Frameworks */,
			);
			runOnlyForDeploymentPostprocessing = 0;
		};
		5E5AF0122C62ED1E00453111 /* Frameworks */ = {
			isa = PBXFrameworksBuildPhase;
			buildActionMask = 2147483647;
			files = (
				8D5259AAF09E8F850E27CBB1 /* Pods_TaskScanner_TaskScannerUITests.framework in Frameworks */,
			);
			runOnlyForDeploymentPostprocessing = 0;
		};
/* End PBXFrameworksBuildPhase section */

/* Begin PBXGroup section */
		0F7B97586797F14897AA47AC /* Frameworks */ = {
			isa = PBXGroup;
			children = (
				9D09613B1E27360AFAE713CE /* Pods_TaskScanner.framework */,
				6D01FA3C91625414644EB16B /* Pods_TaskScanner_TaskScannerUITests.framework */,
				EC9B8B2F75265D2F54975F84 /* Pods_TaskScannerTests.framework */,
			);
			name = Frameworks;
			sourceTree = "<group>";
		};
		33AB704FEDBF5898891FA0C1 /* Pods */ = {
			isa = PBXGroup;
			children = (
				D57FB4C4A4025A64E6E1D6F9 /* Pods-TaskScanner.debug.xcconfig */,
				F8191AF4E39AFA02EFFE35D5 /* Pods-TaskScanner.release.xcconfig */,
				136ED2B57CBAA0F33D6951A7 /* Pods-TaskScanner-TaskScannerUITests.debug.xcconfig */,
				C8CD8F165612EBF8E372541F /* Pods-TaskScanner-TaskScannerUITests.release.xcconfig */,
				5B471A3C92ECA80115589D0B /* Pods-TaskScannerTests.debug.xcconfig */,
				21E6C7F92834F896D8C9D6A6 /* Pods-TaskScannerTests.release.xcconfig */,
			);
			path = Pods;
			sourceTree = "<group>";
		};
		5E4076C92C64A7D30008D46E /* Models */ = {
			isa = PBXGroup;
			children = (
				5E4076D82C64A8A70008D46E /* Tasks.swift */,
			);
			path = Models;
			sourceTree = "<group>";
		};
		5E4076CA2C64A7E80008D46E /* ViewModels */ = {
			isa = PBXGroup;
			children = (
				5E4076D62C64A8960008D46E /* TaskViewModel.swift */,
			);
			path = ViewModels;
			sourceTree = "<group>";
		};
		5E4076CB2C64A7FB0008D46E /* Views */ = {
			isa = PBXGroup;
			children = (
				5E4076D22C64A8650008D46E /* TaskListViewController.swift */,
				5E4076E02C64D93E0008D46E /* QRCodeScannerViewController.swift */,
				5E3822A02C66052000D31189 /* TaskCell.swift */,
			);
			path = Views;
			sourceTree = "<group>";
		};
		5E4076CC2C64A8030008D46E /* Networking */ = {
			isa = PBXGroup;
			children = (
				5E4076D02C64A8480008D46E /* NetworkManager.swift */,
			);
			path = Networking;
			sourceTree = "<group>";
		};
		5E4076CD2C64A80B0008D46E /* Utils */ = {
			isa = PBXGroup;
			children = (
				5E4076E22C64D9910008D46E /* UIColor+Hex.swift */,
			);
			path = Utils;
			sourceTree = "<group>";
		};
		5E4076CE2C64A8140008D46E /* CoreData */ = {
			isa = PBXGroup;
			children = (
				5E5AEFFE2C62ED1C00453111 /* TaskScanner.xcdatamodeld */,
				5E4076D42C64A87F0008D46E /* CoreDataManager.swift */,
				5E4076DA2C64C28A0008D46E /* CDTask+CoreDataProperties.swift */,
				5E4076DC2C64C2DA0008D46E /* CDTask+CoreDataClass.swift */,
				5E4076DE2C64C39A0008D46E /* CodingUserInfoKey+Context.swift */,
			);
			path = CoreData;
			sourceTree = "<group>";
		};
		5E4076CF2C64A81D0008D46E /* Main Entry Point */ = {
			isa = PBXGroup;
			children = (
				5E5AEFF52C62ED1B00453111 /* AppDelegate.swift */,
			);
			path = "Main Entry Point";
			sourceTree = "<group>";
		};
		5E5AEFE92C62ED1B00453111 = {
			isa = PBXGroup;
			children = (
				5E5AEFF42C62ED1B00453111 /* TaskScanner */,
				5E5AF00E2C62ED1E00453111 /* TaskScannerTests */,
				5E5AF0182C62ED1E00453111 /* TaskScannerUITests */,
				5E5AEFF32C62ED1B00453111 /* Products */,
				33AB704FEDBF5898891FA0C1 /* Pods */,
				0F7B97586797F14897AA47AC /* Frameworks */,
			);
			sourceTree = "<group>";
		};
		5E5AEFF32C62ED1B00453111 /* Products */ = {
			isa = PBXGroup;
			children = (
				5E5AEFF22C62ED1B00453111 /* TaskScanner.app */,
				5E5AF00B2C62ED1E00453111 /* TaskScannerTests.xctest */,
				5E5AF0152C62ED1E00453111 /* TaskScannerUITests.xctest */,
			);
			name = Products;
			sourceTree = "<group>";
		};
		5E5AEFF42C62ED1B00453111 /* TaskScanner */ = {
			isa = PBXGroup;
			children = (
				5E4076CF2C64A81D0008D46E /* Main Entry Point */,
				5E4076CE2C64A8140008D46E /* CoreData */,
				5E4076CD2C64A80B0008D46E /* Utils */,
				5E4076CC2C64A8030008D46E /* Networking */,
				5E4076CB2C64A7FB0008D46E /* Views */,
				5E4076CA2C64A7E80008D46E /* ViewModels */,
				5E4076C92C64A7D30008D46E /* Models */,
				5E5AEFF72C62ED1B00453111 /* SceneDelegate.swift */,
				5E5AF0012C62ED1E00453111 /* Assets.xcassets */,
				5E5AF0032C62ED1E00453111 /* LaunchScreen.storyboard */,
				5E5AF0062C62ED1E00453111 /* Info.plist */,
			);
			path = TaskScanner;
			sourceTree = "<group>";
		};
		5E5AF00E2C62ED1E00453111 /* TaskScannerTests */ = {
			isa = PBXGroup;
			children = (
				5E5AF00F2C62ED1E00453111 /* TaskScannerTests.swift */,
			);
			path = TaskScannerTests;
			sourceTree = "<group>";
		};
		5E5AF0182C62ED1E00453111 /* TaskScannerUITests */ = {
			isa = PBXGroup;
			children = (
				5E5AF0192C62ED1E00453111 /* TaskScannerUITests.swift */,
				5E5AF01B2C62ED1E00453111 /* TaskScannerUITestsLaunchTests.swift */,
			);
			path = TaskScannerUITests;
			sourceTree = "<group>";
		};
/* End PBXGroup section */

/* Begin PBXNativeTarget section */
		5E5AEFF12C62ED1B00453111 /* TaskScanner */ = {
			isa = PBXNativeTarget;
			buildConfigurationList = 5E5AF01F2C62ED1E00453111 /* Build configuration list for PBXNativeTarget "TaskScanner" */;
			buildPhases = (
				45C6E463C0E63B712CE7C00F /* [CP] Check Pods Manifest.lock */,
				5E5AEFEE2C62ED1B00453111 /* Sources */,
				5E5AEFEF2C62ED1B00453111 /* Frameworks */,
				5E5AEFF02C62ED1B00453111 /* Resources */,
				46B884BA2C9D4F280EB8FF96 /* [CP] Embed Pods Frameworks */,
			);
			buildRules = (
			);
			dependencies = (
			);
			name = TaskScanner;
			productName = TaskScanner;
			productReference = 5E5AEFF22C62ED1B00453111 /* TaskScanner.app */;
			productType = "com.apple.product-type.application";
		};
		5E5AF00A2C62ED1E00453111 /* TaskScannerTests */ = {
			isa = PBXNativeTarget;
			buildConfigurationList = 5E5AF0222C62ED1E00453111 /* Build configuration list for PBXNativeTarget "TaskScannerTests" */;
			buildPhases = (
				1C6AA43A4C49ECC05C1D421F /* [CP] Check Pods Manifest.lock */,
				5E5AF0072C62ED1E00453111 /* Sources */,
				5E5AF0082C62ED1E00453111 /* Frameworks */,
				5E5AF0092C62ED1E00453111 /* Resources */,
			);
			buildRules = (
			);
			dependencies = (
				5E5AF00D2C62ED1E00453111 /* PBXTargetDependency */,
			);
			name = TaskScannerTests;
			productName = TaskScannerTests;
			productReference = 5E5AF00B2C62ED1E00453111 /* TaskScannerTests.xctest */;
			productType = "com.apple.product-type.bundle.unit-test";
		};
		5E5AF0142C62ED1E00453111 /* TaskScannerUITests */ = {
			isa = PBXNativeTarget;
			buildConfigurationList = 5E5AF0252C62ED1E00453111 /* Build configuration list for PBXNativeTarget "TaskScannerUITests" */;
			buildPhases = (
				EA578B0AE01EFBA5D3181D2E /* [CP] Check Pods Manifest.lock */,
				5E5AF0112C62ED1E00453111 /* Sources */,
				5E5AF0122C62ED1E00453111 /* Frameworks */,
				5E5AF0132C62ED1E00453111 /* Resources */,
				4CCF4F48B0B0576F29FB1014 /* [CP] Embed Pods Frameworks */,
			);
			buildRules = (
			);
			dependencies = (
				5E5AF0172C62ED1E00453111 /* PBXTargetDependency */,
			);
			name = TaskScannerUITests;
			productName = TaskScannerUITests;
			productReference = 5E5AF0152C62ED1E00453111 /* TaskScannerUITests.xctest */;
			productType = "com.apple.product-type.bundle.ui-testing";
		};
/* End PBXNativeTarget section */

/* Begin PBXProject section */
		5E5AEFEA2C62ED1B00453111 /* Project object */ = {
			isa = PBXProject;
			attributes = {
				BuildIndependentTargetsInParallel = 1;
				LastSwiftUpdateCheck = 1540;
				LastUpgradeCheck = 1540;
				TargetAttributes = {
					5E5AEFF12C62ED1B00453111 = {
						CreatedOnToolsVersion = 15.4;
					};
					5E5AF00A2C62ED1E00453111 = {
						CreatedOnToolsVersion = 15.4;
						TestTargetID = 5E5AEFF12C62ED1B00453111;
					};
					5E5AF0142C62ED1E00453111 = {
						CreatedOnToolsVersion = 15.4;
						TestTargetID = 5E5AEFF12C62ED1B00453111;
					};
				};
			};
			buildConfigurationList = 5E5AEFED2C62ED1B00453111 /* Build configuration list for PBXProject "TaskScanner" */;
			compatibilityVersion = "Xcode 14.0";
			developmentRegion = en;
			hasScannedForEncodings = 0;
			knownRegions = (
				en,
				Base,
			);
			mainGroup = 5E5AEFE92C62ED1B00453111;
			productRefGroup = 5E5AEFF32C62ED1B00453111 /* Products */;
			projectDirPath = "";
			projectRoot = "";
			targets = (
				5E5AEFF12C62ED1B00453111 /* TaskScanner */,
				5E5AF00A2C62ED1E00453111 /* TaskScannerTests */,
				5E5AF0142C62ED1E00453111 /* TaskScannerUITests */,
			);
		};
/* End PBXProject section */

/* Begin PBXResourcesBuildPhase section */
		5E5AEFF02C62ED1B00453111 /* Resources */ = {
			isa = PBXResourcesBuildPhase;
			buildActionMask = 2147483647;
			files = (
				5E6E144F2C6642E700451AE4 /* TaskScanner.xcdatamodeld in Resources */,
				5E5AF0022C62ED1E00453111 /* Assets.xcassets in Resources */,
				5E5AF0052C62ED1E00453111 /* Base in Resources */,
			);
			runOnlyForDeploymentPostprocessing = 0;
		};
		5E5AF0092C62ED1E00453111 /* Resources */ = {
			isa = PBXResourcesBuildPhase;
			buildActionMask = 2147483647;
			files = (
			);
			runOnlyForDeploymentPostprocessing = 0;
		};
		5E5AF0132C62ED1E00453111 /* Resources */ = {
			isa = PBXResourcesBuildPhase;
			buildActionMask = 2147483647;
			files = (
			);
			runOnlyForDeploymentPostprocessing = 0;
		};
/* End PBXResourcesBuildPhase section */

/* Begin PBXShellScriptBuildPhase section */
		1C6AA43A4C49ECC05C1D421F /* [CP] Check Pods Manifest.lock */ = {
			isa = PBXShellScriptBuildPhase;
			buildActionMask = 2147483647;
			files = (
			);
			inputFileListPaths = (
			);
			inputPaths = (
				"${PODS_PODFILE_DIR_PATH}/Podfile.lock",
				"${PODS_ROOT}/Manifest.lock",
			);
			name = "[CP] Check Pods Manifest.lock";
			outputFileListPaths = (
			);
			outputPaths = (
				"$(DERIVED_FILE_DIR)/Pods-TaskScannerTests-checkManifestLockResult.txt",
			);
			runOnlyForDeploymentPostprocessing = 0;
			shellPath = /bin/sh;
			shellScript = "diff \"${PODS_PODFILE_DIR_PATH}/Podfile.lock\" \"${PODS_ROOT}/Manifest.lock\" > /dev/null\nif [ $? != 0 ] ; then\n    # print error to STDERR\n    echo \"error: The sandbox is not in sync with the Podfile.lock. Run 'pod install' or update your CocoaPods installation.\" >&2\n    exit 1\nfi\n# This output is used by Xcode 'outputs' to avoid re-running this script phase.\necho \"SUCCESS\" > \"${SCRIPT_OUTPUT_FILE_0}\"\n";
			showEnvVarsInLog = 0;
		};
		45C6E463C0E63B712CE7C00F /* [CP] Check Pods Manifest.lock */ = {
			isa = PBXShellScriptBuildPhase;
			buildActionMask = 2147483647;
			files = (
			);
			inputFileListPaths = (
			);
			inputPaths = (
				"${PODS_PODFILE_DIR_PATH}/Podfile.lock",
				"${PODS_ROOT}/Manifest.lock",
			);
			name = "[CP] Check Pods Manifest.lock";
			outputFileListPaths = (
			);
			outputPaths = (
				"$(DERIVED_FILE_DIR)/Pods-TaskScanner-checkManifestLockResult.txt",
			);
			runOnlyForDeploymentPostprocessing = 0;
			shellPath = /bin/sh;
			shellScript = "diff \"${PODS_PODFILE_DIR_PATH}/Podfile.lock\" \"${PODS_ROOT}/Manifest.lock\" > /dev/null\nif [ $? != 0 ] ; then\n    # print error to STDERR\n    echo \"error: The sandbox is not in sync with the Podfile.lock. Run 'pod install' or update your CocoaPods installation.\" >&2\n    exit 1\nfi\n# This output is used by Xcode 'outputs' to avoid re-running this script phase.\necho \"SUCCESS\" > \"${SCRIPT_OUTPUT_FILE_0}\"\n";
			showEnvVarsInLog = 0;
		};
		46B884BA2C9D4F280EB8FF96 /* [CP] Embed Pods Frameworks */ = {
			isa = PBXShellScriptBuildPhase;
			buildActionMask = 2147483647;
			files = (
			);
			inputFileListPaths = (
				"${PODS_ROOT}/Target Support Files/Pods-TaskScanner/Pods-TaskScanner-frameworks-${CONFIGURATION}-input-files.xcfilelist",
			);
			name = "[CP] Embed Pods Frameworks";
			outputFileListPaths = (
				"${PODS_ROOT}/Target Support Files/Pods-TaskScanner/Pods-TaskScanner-frameworks-${CONFIGURATION}-output-files.xcfilelist",
			);
			runOnlyForDeploymentPostprocessing = 0;
			shellPath = /bin/sh;
			shellScript = "\"${PODS_ROOT}/Target Support Files/Pods-TaskScanner/Pods-TaskScanner-frameworks.sh\"\n";
			showEnvVarsInLog = 0;
		};
		4CCF4F48B0B0576F29FB1014 /* [CP] Embed Pods Frameworks */ = {
			isa = PBXShellScriptBuildPhase;
			buildActionMask = 2147483647;
			files = (
			);
			inputFileListPaths = (
				"${PODS_ROOT}/Target Support Files/Pods-TaskScanner-TaskScannerUITests/Pods-TaskScanner-TaskScannerUITests-frameworks-${CONFIGURATION}-input-files.xcfilelist",
			);
			name = "[CP] Embed Pods Frameworks";
			outputFileListPaths = (
				"${PODS_ROOT}/Target Support Files/Pods-TaskScanner-TaskScannerUITests/Pods-TaskScanner-TaskScannerUITests-frameworks-${CONFIGURATION}-output-files.xcfilelist",
			);
			runOnlyForDeploymentPostprocessing = 0;
			shellPath = /bin/sh;
			shellScript = "\"${PODS_ROOT}/Target Support Files/Pods-TaskScanner-TaskScannerUITests/Pods-TaskScanner-TaskScannerUITests-frameworks.sh\"\n";
			showEnvVarsInLog = 0;
		};
		EA578B0AE01EFBA5D3181D2E /* [CP] Check Pods Manifest.lock */ = {
			isa = PBXShellScriptBuildPhase;
			buildActionMask = 2147483647;
			files = (
			);
			inputFileListPaths = (
			);
			inputPaths = (
				"${PODS_PODFILE_DIR_PATH}/Podfile.lock",
				"${PODS_ROOT}/Manifest.lock",
			);
			name = "[CP] Check Pods Manifest.lock";
			outputFileListPaths = (
			);
			outputPaths = (
				"$(DERIVED_FILE_DIR)/Pods-TaskScanner-TaskScannerUITests-checkManifestLockResult.txt",
			);
			runOnlyForDeploymentPostprocessing = 0;
			shellPath = /bin/sh;
			shellScript = "diff \"${PODS_PODFILE_DIR_PATH}/Podfile.lock\" \"${PODS_ROOT}/Manifest.lock\" > /dev/null\nif [ $? != 0 ] ; then\n    # print error to STDERR\n    echo \"error: The sandbox is not in sync with the Podfile.lock. Run 'pod install' or update your CocoaPods installation.\" >&2\n    exit 1\nfi\n# This output is used by Xcode 'outputs' to avoid re-running this script phase.\necho \"SUCCESS\" > \"${SCRIPT_OUTPUT_FILE_0}\"\n";
			showEnvVarsInLog = 0;
		};
/* End PBXShellScriptBuildPhase section */

/* Begin PBXSourcesBuildPhase section */
		5E5AEFEE2C62ED1B00453111 /* Sources */ = {
			isa = PBXSourcesBuildPhase;
			buildActionMask = 2147483647;
			files = (
				5E4076DD2C64C2DA0008D46E /* CDTask+CoreDataClass.swift in Sources */,
				5E4076E12C64D93E0008D46E /* QRCodeScannerViewController.swift in Sources */,
				5E3822A12C66052000D31189 /* TaskCell.swift in Sources */,
				5E4076D12C64A8480008D46E /* NetworkManager.swift in Sources */,
				5E5AEFF62C62ED1B00453111 /* AppDelegate.swift in Sources */,
				5E5AEFF82C62ED1B00453111 /* SceneDelegate.swift in Sources */,
				5E4076E32C64D9910008D46E /* UIColor+Hex.swift in Sources */,
				5E4076DF2C64C39A0008D46E /* CodingUserInfoKey+Context.swift in Sources */,
				5E4076DB2C64C28A0008D46E /* CDTask+CoreDataProperties.swift in Sources */,
				5E4076D72C64A8960008D46E /* TaskViewModel.swift in Sources */,
				5E4076D52C64A87F0008D46E /* CoreDataManager.swift in Sources */,
				5E4076D92C64A8A70008D46E /* Tasks.swift in Sources */,
				5E4076D32C64A8650008D46E /* TaskListViewController.swift in Sources */,
			);
			runOnlyForDeploymentPostprocessing = 0;
		};
		5E5AF0072C62ED1E00453111 /* Sources */ = {
			isa = PBXSourcesBuildPhase;
			buildActionMask = 2147483647;
			files = (
				5E5AF0102C62ED1E00453111 /* TaskScannerTests.swift in Sources */,
			);
			runOnlyForDeploymentPostprocessing = 0;
		};
		5E5AF0112C62ED1E00453111 /* Sources */ = {
			isa = PBXSourcesBuildPhase;
			buildActionMask = 2147483647;
			files = (
				5E5AF01C2C62ED1E00453111 /* TaskScannerUITestsLaunchTests.swift in Sources */,
				5E5AF01A2C62ED1E00453111 /* TaskScannerUITests.swift in Sources */,
			);
			runOnlyForDeploymentPostprocessing = 0;
		};
/* End PBXSourcesBuildPhase section */

/* Begin PBXTargetDependency section */
		5E5AF00D2C62ED1E00453111 /* PBXTargetDependency */ = {
			isa = PBXTargetDependency;
			target = 5E5AEFF12C62ED1B00453111 /* TaskScanner */;
			targetProxy = 5E5AF00C2C62ED1E00453111 /* PBXContainerItemProxy */;
		};
		5E5AF0172C62ED1E00453111 /* PBXTargetDependency */ = {
			isa = PBXTargetDependency;
			target = 5E5AEFF12C62ED1B00453111 /* TaskScanner */;
			targetProxy = 5E5AF0162C62ED1E00453111 /* PBXContainerItemProxy */;
		};
/* End PBXTargetDependency section */

/* Begin PBXVariantGroup section */
		5E5AF0032C62ED1E00453111 /* LaunchScreen.storyboard */ = {
			isa = PBXVariantGroup;
			children = (
				5E5AF0042C62ED1E00453111 /* Base */,
			);
			name = LaunchScreen.storyboard;
			sourceTree = "<group>";
		};
/* End PBXVariantGroup section */

/* Begin XCBuildConfiguration section */
		5E5AF01D2C62ED1E00453111 /* Debug */ = {
			isa = XCBuildConfiguration;
			buildSettings = {
				ALWAYS_SEARCH_USER_PATHS = NO;
				ASSETCATALOG_COMPILER_GENERATE_SWIFT_ASSET_SYMBOL_EXTENSIONS = YES;
				CLANG_ANALYZER_NONNULL = YES;
				CLANG_ANALYZER_NUMBER_OBJECT_CONVERSION = YES_AGGRESSIVE;
				CLANG_CXX_LANGUAGE_STANDARD = "gnu++20";
				CLANG_ENABLE_MODULES = YES;
				CLANG_ENABLE_OBJC_ARC = YES;
				CLANG_ENABLE_OBJC_WEAK = YES;
				CLANG_WARN_BLOCK_CAPTURE_AUTORELEASING = YES;
				CLANG_WARN_BOOL_CONVERSION = YES;
				CLANG_WARN_COMMA = YES;
				CLANG_WARN_CONSTANT_CONVERSION = YES;
				CLANG_WARN_DEPRECATED_OBJC_IMPLEMENTATIONS = YES;
				CLANG_WARN_DIRECT_OBJC_ISA_USAGE = YES_ERROR;
				CLANG_WARN_DOCUMENTATION_COMMENTS = YES;
				CLANG_WARN_EMPTY_BODY = YES;
				CLANG_WARN_ENUM_CONVERSION = YES;
				CLANG_WARN_INFINITE_RECURSION = YES;
				CLANG_WARN_INT_CONVERSION = YES;
				CLANG_WARN_NON_LITERAL_NULL_CONVERSION = YES;
				CLANG_WARN_OBJC_IMPLICIT_RETAIN_SELF = YES;
				CLANG_WARN_OBJC_LITERAL_CONVERSION = YES;
				CLANG_WARN_OBJC_ROOT_CLASS = YES_ERROR;
				CLANG_WARN_QUOTED_INCLUDE_IN_FRAMEWORK_HEADER = YES;
				CLANG_WARN_RANGE_LOOP_ANALYSIS = YES;
				CLANG_WARN_STRICT_PROTOTYPES = YES;
				CLANG_WARN_SUSPICIOUS_MOVE = YES;
				CLANG_WARN_UNGUARDED_AVAILABILITY = YES_AGGRESSIVE;
				CLANG_WARN_UNREACHABLE_CODE = YES;
				CLANG_WARN__DUPLICATE_METHOD_MATCH = YES;
				COPY_PHASE_STRIP = NO;
				DEBUG_INFORMATION_FORMAT = dwarf;
				ENABLE_STRICT_OBJC_MSGSEND = YES;
				ENABLE_TESTABILITY = YES;
				ENABLE_USER_SCRIPT_SANDBOXING = YES;
				GCC_C_LANGUAGE_STANDARD = gnu17;
				GCC_DYNAMIC_NO_PIC = NO;
				GCC_NO_COMMON_BLOCKS = YES;
				GCC_OPTIMIZATION_LEVEL = 0;
				GCC_PREPROCESSOR_DEFINITIONS = (
					"DEBUG=1",
					"$(inherited)",
				);
				GCC_WARN_64_TO_32_BIT_CONVERSION = YES;
				GCC_WARN_ABOUT_RETURN_TYPE = YES_ERROR;
				GCC_WARN_UNDECLARED_SELECTOR = YES;
				GCC_WARN_UNINITIALIZED_AUTOS = YES_AGGRESSIVE;
				GCC_WARN_UNUSED_FUNCTION = YES;
				GCC_WARN_UNUSED_VARIABLE = YES;
				IPHONEOS_DEPLOYMENT_TARGET = 17.5;
				LOCALIZATION_PREFERS_STRING_CATALOGS = YES;
				MTL_ENABLE_DEBUG_INFO = INCLUDE_SOURCE;
				MTL_FAST_MATH = YES;
				ONLY_ACTIVE_ARCH = YES;
				SDKROOT = iphoneos;
				SWIFT_ACTIVE_COMPILATION_CONDITIONS = "DEBUG $(inherited)";
				SWIFT_OPTIMIZATION_LEVEL = "-Onone";
			};
			name = Debug;
		};
		5E5AF01E2C62ED1E00453111 /* Release */ = {
			isa = XCBuildConfiguration;
			buildSettings = {
				ALWAYS_SEARCH_USER_PATHS = NO;
				ASSETCATALOG_COMPILER_GENERATE_SWIFT_ASSET_SYMBOL_EXTENSIONS = YES;
				CLANG_ANALYZER_NONNULL = YES;
				CLANG_ANALYZER_NUMBER_OBJECT_CONVERSION = YES_AGGRESSIVE;
				CLANG_CXX_LANGUAGE_STANDARD = "gnu++20";
				CLANG_ENABLE_MODULES = YES;
				CLANG_ENABLE_OBJC_ARC = YES;
				CLANG_ENABLE_OBJC_WEAK = YES;
				CLANG_WARN_BLOCK_CAPTURE_AUTORELEASING = YES;
				CLANG_WARN_BOOL_CONVERSION = YES;
				CLANG_WARN_COMMA = YES;
				CLANG_WARN_CONSTANT_CONVERSION = YES;
				CLANG_WARN_DEPRECATED_OBJC_IMPLEMENTATIONS = YES;
				CLANG_WARN_DIRECT_OBJC_ISA_USAGE = YES_ERROR;
				CLANG_WARN_DOCUMENTATION_COMMENTS = YES;
				CLANG_WARN_EMPTY_BODY = YES;
				CLANG_WARN_ENUM_CONVERSION = YES;
				CLANG_WARN_INFINITE_RECURSION = YES;
				CLANG_WARN_INT_CONVERSION = YES;
				CLANG_WARN_NON_LITERAL_NULL_CONVERSION = YES;
				CLANG_WARN_OBJC_IMPLICIT_RETAIN_SELF = YES;
				CLANG_WARN_OBJC_LITERAL_CONVERSION = YES;
				CLANG_WARN_OBJC_ROOT_CLASS = YES_ERROR;
				CLANG_WARN_QUOTED_INCLUDE_IN_FRAMEWORK_HEADER = YES;
				CLANG_WARN_RANGE_LOOP_ANALYSIS = YES;
				CLANG_WARN_STRICT_PROTOTYPES = YES;
				CLANG_WARN_SUSPICIOUS_MOVE = YES;
				CLANG_WARN_UNGUARDED_AVAILABILITY = YES_AGGRESSIVE;
				CLANG_WARN_UNREACHABLE_CODE = YES;
				CLANG_WARN__DUPLICATE_METHOD_MATCH = YES;
				COPY_PHASE_STRIP = NO;
				DEBUG_INFORMATION_FORMAT = "dwarf-with-dsym";
				ENABLE_NS_ASSERTIONS = NO;
				ENABLE_STRICT_OBJC_MSGSEND = YES;
				ENABLE_USER_SCRIPT_SANDBOXING = YES;
				GCC_C_LANGUAGE_STANDARD = gnu17;
				GCC_NO_COMMON_BLOCKS = YES;
				GCC_WARN_64_TO_32_BIT_CONVERSION = YES;
				GCC_WARN_ABOUT_RETURN_TYPE = YES_ERROR;
				GCC_WARN_UNDECLARED_SELECTOR = YES;
				GCC_WARN_UNINITIALIZED_AUTOS = YES_AGGRESSIVE;
				GCC_WARN_UNUSED_FUNCTION = YES;
				GCC_WARN_UNUSED_VARIABLE = YES;
				IPHONEOS_DEPLOYMENT_TARGET = 17.5;
				LOCALIZATION_PREFERS_STRING_CATALOGS = YES;
				MTL_ENABLE_DEBUG_INFO = NO;
				MTL_FAST_MATH = YES;
				SDKROOT = iphoneos;
				SWIFT_COMPILATION_MODE = wholemodule;
				VALIDATE_PRODUCT = YES;
			};
			name = Release;
		};
		5E5AF0202C62ED1E00453111 /* Debug */ = {
			isa = XCBuildConfiguration;
			baseConfigurationReference = D57FB4C4A4025A64E6E1D6F9 /* Pods-TaskScanner.debug.xcconfig */;
			buildSettings = {
				ASSETCATALOG_COMPILER_APPICON_NAME = AppIcon;
				ASSETCATALOG_COMPILER_GLOBAL_ACCENT_COLOR_NAME = AccentColor;
				CODE_SIGN_STYLE = Automatic;
				CURRENT_PROJECT_VERSION = 1;
				DEVELOPMENT_TEAM = K54NKAGZ55;
				ENABLE_USER_SCRIPT_SANDBOXING = NO;
				GENERATE_INFOPLIST_FILE = YES;
				INFOPLIST_FILE = TaskScanner/Info.plist;
				INFOPLIST_KEY_UIApplicationSupportsIndirectInputEvents = YES;
				INFOPLIST_KEY_UILaunchStoryboardName = LaunchScreen;
				INFOPLIST_KEY_UISupportedInterfaceOrientations_iPad = "UIInterfaceOrientationPortrait UIInterfaceOrientationPortraitUpsideDown UIInterfaceOrientationLandscapeLeft UIInterfaceOrientationLandscapeRight";
				INFOPLIST_KEY_UISupportedInterfaceOrientations_iPhone = "UIInterfaceOrientationPortrait UIInterfaceOrientationLandscapeLeft UIInterfaceOrientationLandscapeRight";
				LD_RUNPATH_SEARCH_PATHS = (
					"$(inherited)",
					"@executable_path/Frameworks",
				);
				MARKETING_VERSION = 1.0;
				PRODUCT_BUNDLE_IDENTIFIER = work.alirezanamazi.TaskScanner;
				PRODUCT_NAME = "$(TARGET_NAME)";
				SWIFT_EMIT_LOC_STRINGS = YES;
				SWIFT_VERSION = 5.0;
				TARGETED_DEVICE_FAMILY = "1,2";
			};
			name = Debug;
		};
		5E5AF0212C62ED1E00453111 /* Release */ = {
			isa = XCBuildConfiguration;
			baseConfigurationReference = F8191AF4E39AFA02EFFE35D5 /* Pods-TaskScanner.release.xcconfig */;
			buildSettings = {
				ASSETCATALOG_COMPILER_APPICON_NAME = AppIcon;
				ASSETCATALOG_COMPILER_GLOBAL_ACCENT_COLOR_NAME = AccentColor;
				CODE_SIGN_STYLE = Automatic;
				CURRENT_PROJECT_VERSION = 1;
				DEVELOPMENT_TEAM = K54NKAGZ55;
				ENABLE_USER_SCRIPT_SANDBOXING = NO;
				GENERATE_INFOPLIST_FILE = YES;
				INFOPLIST_FILE = TaskScanner/Info.plist;
				INFOPLIST_KEY_UIApplicationSupportsIndirectInputEvents = YES;
				INFOPLIST_KEY_UILaunchStoryboardName = LaunchScreen;
				INFOPLIST_KEY_UISupportedInterfaceOrientations_iPad = "UIInterfaceOrientationPortrait UIInterfaceOrientationPortraitUpsideDown UIInterfaceOrientationLandscapeLeft UIInterfaceOrientationLandscapeRight";
				INFOPLIST_KEY_UISupportedInterfaceOrientations_iPhone = "UIInterfaceOrientationPortrait UIInterfaceOrientationLandscapeLeft UIInterfaceOrientationLandscapeRight";
				LD_RUNPATH_SEARCH_PATHS = (
					"$(inherited)",
					"@executable_path/Frameworks",
				);
				MARKETING_VERSION = 1.0;
				PRODUCT_BUNDLE_IDENTIFIER = work.alirezanamazi.TaskScanner;
				PRODUCT_NAME = "$(TARGET_NAME)";
				SWIFT_EMIT_LOC_STRINGS = YES;
				SWIFT_VERSION = 5.0;
				TARGETED_DEVICE_FAMILY = "1,2";
			};
			name = Release;
		};
		5E5AF0232C62ED1E00453111 /* Debug */ = {
			isa = XCBuildConfiguration;
			baseConfigurationReference = 5B471A3C92ECA80115589D0B /* Pods-TaskScannerTests.debug.xcconfig */;
			buildSettings = {
				ALWAYS_EMBED_SWIFT_STANDARD_LIBRARIES = YES;
				BUNDLE_LOADER = "$(TEST_HOST)";
				CODE_SIGN_STYLE = Automatic;
				CURRENT_PROJECT_VERSION = 1;
				DEVELOPMENT_TEAM = K54NKAGZ55;
				GENERATE_INFOPLIST_FILE = YES;
				IPHONEOS_DEPLOYMENT_TARGET = 17.5;
				MARKETING_VERSION = 1.0;
				PRODUCT_BUNDLE_IDENTIFIER = work.alirezanamazi.TaskScannerTests;
				PRODUCT_NAME = "$(TARGET_NAME)";
				SWIFT_EMIT_LOC_STRINGS = NO;
				SWIFT_VERSION = 5.0;
				TARGETED_DEVICE_FAMILY = "1,2";
				TEST_HOST = "$(BUILT_PRODUCTS_DIR)/TaskScanner.app/$(BUNDLE_EXECUTABLE_FOLDER_PATH)/TaskScanner";
			};
			name = Debug;
		};
		5E5AF0242C62ED1E00453111 /* Release */ = {
			isa = XCBuildConfiguration;
			baseConfigurationReference = 21E6C7F92834F896D8C9D6A6 /* Pods-TaskScannerTests.release.xcconfig */;
			buildSettings = {
				ALWAYS_EMBED_SWIFT_STANDARD_LIBRARIES = YES;
				BUNDLE_LOADER = "$(TEST_HOST)";
				CODE_SIGN_STYLE = Automatic;
				CURRENT_PROJECT_VERSION = 1;
				DEVELOPMENT_TEAM = K54NKAGZ55;
				GENERATE_INFOPLIST_FILE = YES;
				IPHONEOS_DEPLOYMENT_TARGET = 17.5;
				MARKETING_VERSION = 1.0;
				PRODUCT_BUNDLE_IDENTIFIER = work.alirezanamazi.TaskScannerTests;
				PRODUCT_NAME = "$(TARGET_NAME)";
				SWIFT_EMIT_LOC_STRINGS = NO;
				SWIFT_VERSION = 5.0;
				TARGETED_DEVICE_FAMILY = "1,2";
				TEST_HOST = "$(BUILT_PRODUCTS_DIR)/TaskScanner.app/$(BUNDLE_EXECUTABLE_FOLDER_PATH)/TaskScanner";
			};
			name = Release;
		};
		5E5AF0262C62ED1E00453111 /* Debug */ = {
			isa = XCBuildConfiguration;
			baseConfigurationReference = 136ED2B57CBAA0F33D6951A7 /* Pods-TaskScanner-TaskScannerUITests.debug.xcconfig */;
			buildSettings = {
				ALWAYS_EMBED_SWIFT_STANDARD_LIBRARIES = YES;
				CODE_SIGN_STYLE = Automatic;
				CURRENT_PROJECT_VERSION = 1;
				DEVELOPMENT_TEAM = K54NKAGZ55;
				GENERATE_INFOPLIST_FILE = YES;
				MARKETING_VERSION = 1.0;
				PRODUCT_BUNDLE_IDENTIFIER = work.alirezanamazi.TaskScannerUITests;
				PRODUCT_NAME = "$(TARGET_NAME)";
				SWIFT_EMIT_LOC_STRINGS = NO;
				SWIFT_VERSION = 5.0;
				TARGETED_DEVICE_FAMILY = "1,2";
				TEST_TARGET_NAME = TaskScanner;
			};
			name = Debug;
		};
		5E5AF0272C62ED1E00453111 /* Release */ = {
			isa = XCBuildConfiguration;
			baseConfigurationReference = C8CD8F165612EBF8E372541F /* Pods-TaskScanner-TaskScannerUITests.release.xcconfig */;
			buildSettings = {
				ALWAYS_EMBED_SWIFT_STANDARD_LIBRARIES = YES;
				CODE_SIGN_STYLE = Automatic;
				CURRENT_PROJECT_VERSION = 1;
				DEVELOPMENT_TEAM = K54NKAGZ55;
				GENERATE_INFOPLIST_FILE = YES;
				MARKETING_VERSION = 1.0;
				PRODUCT_BUNDLE_IDENTIFIER = work.alirezanamazi.TaskScannerUITests;
				PRODUCT_NAME = "$(TARGET_NAME)";
				SWIFT_EMIT_LOC_STRINGS = NO;
				SWIFT_VERSION = 5.0;
				TARGETED_DEVICE_FAMILY = "1,2";
				TEST_TARGET_NAME = TaskScanner;
			};
			name = Release;
		};
/* End XCBuildConfiguration section */

/* Begin XCConfigurationList section */
		5E5AEFED2C62ED1B00453111 /* Build configuration list for PBXProject "TaskScanner" */ = {
			isa = XCConfigurationList;
			buildConfigurations = (
				5E5AF01D2C62ED1E00453111 /* Debug */,
				5E5AF01E2C62ED1E00453111 /* Release */,
			);
			defaultConfigurationIsVisible = 0;
			defaultConfigurationName = Release;
		};
		5E5AF01F2C62ED1E00453111 /* Build configuration list for PBXNativeTarget "TaskScanner" */ = {
			isa = XCConfigurationList;
			buildConfigurations = (
				5E5AF0202C62ED1E00453111 /* Debug */,
				5E5AF0212C62ED1E00453111 /* Release */,
			);
			defaultConfigurationIsVisible = 0;
			defaultConfigurationName = Release;
		};
		5E5AF0222C62ED1E00453111 /* Build configuration list for PBXNativeTarget "TaskScannerTests" */ = {
			isa = XCConfigurationList;
			buildConfigurations = (
				5E5AF0232C62ED1E00453111 /* Debug */,
				5E5AF0242C62ED1E00453111 /* Release */,
			);
			defaultConfigurationIsVisible = 0;
			defaultConfigurationName = Release;
		};
		5E5AF0252C62ED1E00453111 /* Build configuration list for PBXNativeTarget "TaskScannerUITests" */ = {
			isa = XCConfigurationList;
			buildConfigurations = (
				5E5AF0262C62ED1E00453111 /* Debug */,
				5E5AF0272C62ED1E00453111 /* Release */,
			);
			defaultConfigurationIsVisible = 0;
			defaultConfigurationName = Release;
		};
/* End XCConfigurationList section */

/* Begin XCVersionGroup section */
		5E5AEFFE2C62ED1C00453111 /* TaskScanner.xcdatamodeld */ = {
			isa = XCVersionGroup;
			children = (
				5E5AEFFF2C62ED1C00453111 /* TaskScanner.xcdatamodel */,
			);
			currentVersion = 5E5AEFFF2C62ED1C00453111 /* TaskScanner.xcdatamodel */;
			path = TaskScanner.xcdatamodeld;
			sourceTree = "<group>";
			versionGroupType = wrapper.xcdatamodel;
		};
/* End XCVersionGroup section */
	};
	rootObject = 5E5AEFEA2C62ED1B00453111 /* Project object */;
}
